
Microsoft Visual Studio Solution File, Format Version 11.00
# Visual Studio 2010
Project("{FAE04EC0-301F-11D3-BF4B-00C04F79EFBC}") = "PiramidPanic", "PiramidPanic\PiramidPanic\PiramidPanic.csproj", "{2B713C41-2820-48F3-9159-F2330B161592}"
EndProject
Project("{96E2B04D-8817-42C6-938A-82C39BA4D311}") = "PiramidPanicContent", "PiramidPanic\PiramidPanicContent\PiramidPanicContent.contentproj", "{1BEA682F-86CF-439D-82E6-3E5F5E8C216E}"
EndProject
Global
	GlobalSection(SolutionConfigurationPlatforms) = preSolution
		Debug|x86 = Debug|x86
		Release|x86 = Release|x86
	EndGlobalSection
	GlobalSection(ProjectConfigurationPlatforms) = postSolution
		{2B713C41-2820-48F3-9159-F2330B161592}.Debug|x86.ActiveCfg = Debug|x86
		{2B713C41-2820-48F3-9159-F2330B161592}.Debug|x86.Build.0 = Debug|x86
		{2B713C41-2820-48F3-9159-F2330B161592}.Release|x86.ActiveCfg = Release|x86
		{2B713C41-2820-48F3-9159-F2330B161592}.Release|x86.Build.0 = Release|x86
		{1BEA682F-86CF-439D-82E6-3E5F5E8C216E}.Debug|x86.ActiveCfg = Debug|x86
		{1BEA682F-86CF-439D-82E6-3E5F5E8C216E}.Release|x86.ActiveCfg = Release|x86
	EndGlobalSection
	GlobalSection(SolutionProperties) = preSolution
		HideSolutionNode = FALSE
	EndGlobalSection
EndGlobal
